
Microsoft Visual Studio Solution File, Format Version 12.00
# Visual Studio 14
VisualStudioVersion = 14.0.25420.1
MinimumVisualStudioVersion = 10.0.40219.1
Project("{FAE04EC0-301F-11D3-BF4B-00C04F79EFBC}") = "RedisCache.Core", "RedisCache.Core\RedisCache.Core.csproj", "{189FCC45-D3B9-40D9-8D1B-A7B1CE810B00}"
EndProject
Project("{FAE04EC0-301F-11D3-BF4B-00C04F79EFBC}") = "RedisCache.Tests", "RedisCache.Tests\RedisCache.Tests.csproj", "{8A8EA3EB-CBBC-417E-8367-1446AEE24F4B}"
EndProject
Project("{2150E333-8FDC-42A3-9474-1A3956D46DE8}") = "Solution Items", "Solution Items", "{DC746E8C-3EBA-46AD-B84D-CBA1CFDF813E}"
	ProjectSection(SolutionItems) = preProject
		.travis.yml = .travis.yml
	EndProjectSection
EndProject
Project("{2150E333-8FDC-42A3-9474-1A3956D46DE8}") = "Tools", "Tools", "{97EF2CB6-BEBE-4455-AB31-7AE845AF0DD2}"
EndProject
Global
	GlobalSection(SolutionConfigurationPlatforms) = preSolution
		Debug|Any CPU = Debug|Any CPU
		Release|Any CPU = Release|Any CPU
	EndGlobalSection
	GlobalSection(ProjectConfigurationPlatforms) = postSolution
		{189FCC45-D3B9-40D9-8D1B-A7B1CE810B00}.Debug|Any CPU.ActiveCfg = Debug|Any CPU
		{189FCC45-D3B9-40D9-8D1B-A7B1CE810B00}.Debug|Any CPU.Build.0 = Debug|Any CPU
		{189FCC45-D3B9-40D9-8D1B-A7B1CE810B00}.Release|Any CPU.ActiveCfg = Release|Any CPU
		{189FCC45-D3B9-40D9-8D1B-A7B1CE810B00}.Release|Any CPU.Build.0 = Release|Any CPU
		{8A8EA3EB-CBBC-417E-8367-1446AEE24F4B}.Debug|Any CPU.ActiveCfg = Debug|Any CPU
		{8A8EA3EB-CBBC-417E-8367-1446AEE24F4B}.Debug|Any CPU.Build.0 = Debug|Any CPU
		{8A8EA3EB-CBBC-417E-8367-1446AEE24F4B}.Release|Any CPU.ActiveCfg = Release|Any CPU
		{8A8EA3EB-CBBC-417E-8367-1446AEE24F4B}.Release|Any CPU.Build.0 = Release|Any CPU
	EndGlobalSection
	GlobalSection(SolutionProperties) = preSolution
		HideSolutionNode = FALSE
	EndGlobalSection
EndGlobal
